
Microsoft Visual Studio Solution File, Format Version 12.00
# Visual Studio Version 16
VisualStudioVersion = 16.0.30204.135
MinimumVisualStudioVersion = 10.0.40219.1
Project("{9A19103F-16F7-4668-BE54-9A1E7A4F7556}") = "PessoasAPI", "PessoasAPI\PessoasAPI.csproj", "{571C3083-11FA-4ABB-A00B-30B801091950}"
EndProject
Project("{9A19103F-16F7-4668-BE54-9A1E7A4F7556}") = "PessoasClient", "PessoasClient\PessoasClient.csproj", "{3927ED07-AA45-4153-8686-DEE3F3DA748A}"
EndProject
Global
	GlobalSection(SolutionConfigurationPlatforms) = preSolution
		Debug|Any CPU = Debug|Any CPU
		Release|Any CPU = Release|Any CPU
	EndGlobalSection
	GlobalSection(ProjectConfigurationPlatforms) = postSolution
		{571C3083-11FA-4ABB-A00B-30B801091950}.Debug|Any CPU.ActiveCfg = Debug|Any CPU
		{571C3083-11FA-4ABB-A00B-30B801091950}.Debug|Any CPU.Build.0 = Debug|Any CPU
		{571C3083-11FA-4ABB-A00B-30B801091950}.Release|Any CPU.ActiveCfg = Release|Any CPU
		{571C3083-11FA-4ABB-A00B-30B801091950}.Release|Any CPU.Build.0 = Release|Any CPU
		{3927ED07-AA45-4153-8686-DEE3F3DA748A}.Debug|Any CPU.ActiveCfg = Debug|Any CPU
		{3927ED07-AA45-4153-8686-DEE3F3DA748A}.Debug|Any CPU.Build.0 = Debug|Any CPU
		{3927ED07-AA45-4153-8686-DEE3F3DA748A}.Release|Any CPU.ActiveCfg = Release|Any CPU
		{3927ED07-AA45-4153-8686-DEE3F3DA748A}.Release|Any CPU.Build.0 = Release|Any CPU
	EndGlobalSection
	GlobalSection(SolutionProperties) = preSolution
		HideSolutionNode = FALSE
	EndGlobalSection
	GlobalSection(ExtensibilityGlobals) = postSolution
		SolutionGuid = {7416D843-8585-40FB-BBE1-3892E6127149}
	EndGlobalSection
EndGlobal
